
Microsoft Visual Studio Solution File, Format Version 12.00
# Visual Studio Version 16
VisualStudioVersion = 16.0.31613.86
MinimumVisualStudioVersion = 10.0.40219.1
Project("{FAE04EC0-301F-11D3-BF4B-00C04F79EFBC}") = "DotNetDemo", "DotNetFileIO\DotNetDemo.csproj", "{8D388F63-AA42-4133-B0A2-5A03A65EFCFA}"
EndProject
Global
	GlobalSection(SolutionConfigurationPlatforms) = preSolution
		Debug|Any CPU = Debug|Any CPU
		Release|Any CPU = Release|Any CPU
	EndGlobalSection
	GlobalSection(ProjectConfigurationPlatforms) = postSolution
		{8D388F63-AA42-4133-B0A2-5A03A65EFCFA}.Debug|Any CPU.ActiveCfg = Debug|Any CPU
		{8D388F63-AA42-4133-B0A2-5A03A65EFCFA}.Debug|Any CPU.Build.0 = Debug|Any CPU
		{8D388F63-AA42-4133-B0A2-5A03A65EFCFA}.Release|Any CPU.ActiveCfg = Release|Any CPU
		{8D388F63-AA42-4133-B0A2-5A03A65EFCFA}.Release|Any CPU.Build.0 = Release|Any CPU
	EndGlobalSection
	GlobalSection(SolutionProperties) = preSolution
		HideSolutionNode = FALSE
	EndGlobalSection
	GlobalSection(ExtensibilityGlobals) = postSolution
		SolutionGuid = {F69EEDA6-A9EE-47A8-8DA7-4103593A27A6}
	EndGlobalSection
EndGlobal
